// !$*UTF8*$!
{
	archiveVersion = 1;
	classes = {
	};
	objectVersion = 50;
	objects = {

/* Begin PBXBuildFile section */
		3231482A23D9F82500B71DCD /* AppDelegate.swift in Sources */ = {isa = PBXBuildFile; fileRef = 3231482923D9F82500B71DCD /* AppDelegate.swift */; };
		3231482C23D9F82500B71DCD /* SceneDelegate.swift in Sources */ = {isa = PBXBuildFile; fileRef = 3231482B23D9F82500B71DCD /* SceneDelegate.swift */; };
		3231482E23D9F82500B71DCD /* ViewController.swift in Sources */ = {isa = PBXBuildFile; fileRef = 3231482D23D9F82500B71DCD /* ViewController.swift */; };
		3231483123D9F82500B71DCD /* Main.storyboard in Resources */ = {isa = PBXBuildFile; fileRef = 3231482F23D9F82500B71DCD /* Main.storyboard */; };
		3231483323D9F82600B71DCD /* Assets.xcassets in Resources */ = {isa = PBXBuildFile; fileRef = 3231483223D9F82600B71DCD /* Assets.xcassets */; };
		3231483623D9F82600B71DCD /* LaunchScreen.storyboard in Resources */ = {isa = PBXBuildFile; fileRef = 3231483423D9F82600B71DCD /* LaunchScreen.storyboard */; };
		3231484323D9F9B900B71DCD /* AppContaining.swift in Sources */ = {isa = PBXBuildFile; fileRef = 3231484223D9F9B900B71DCD /* AppContaining.swift */; };
		3231484523D9FA4400B71DCD /* AppContainer.saber.swift in Sources */ = {isa = PBXBuildFile; fileRef = 3231484423D9FA4400B71DCD /* AppContainer.saber.swift */; };
		3231484A23DA037900B71DCD /* ConsoleLogger.swift in Sources */ = {isa = PBXBuildFile; fileRef = 3231484923DA037900B71DCD /* ConsoleLogger.swift */; };
		3231484C23DA058700B71DCD /* TestDependencyInjection.swift in Sources */ = {isa = PBXBuildFile; fileRef = 3231484B23DA058700B71DCD /* TestDependencyInjection.swift */; };
		3231484F23DA091200B71DCD /* NetworkManager.swift in Sources */ = {isa = PBXBuildFile; fileRef = 3231484E23DA091200B71DCD /* NetworkManager.swift */; };
		3231485223DA09A900B71DCD /* TestViewController.swift in Sources */ = {isa = PBXBuildFile; fileRef = 3231485023DA09A900B71DCD /* TestViewController.swift */; };
		3231485323DA09A900B71DCD /* TestViewController.xib in Resources */ = {isa = PBXBuildFile; fileRef = 3231485123DA09A900B71DCD /* TestViewController.xib */; };
		3232C3442437A31600DEB8DC /* TestBrief.swift in Sources */ = {isa = PBXBuildFile; fileRef = 3232C3432437A31600DEB8DC /* TestBrief.swift */; };
		3232C34B2437B2BE00DEB8DC /* FooContaining.swift in Sources */ = {isa = PBXBuildFile; fileRef = 3232C34A2437B2BE00DEB8DC /* FooContaining.swift */; };
		3232C34D2437B31300DEB8DC /* FooContainer.saber.swift in Sources */ = {isa = PBXBuildFile; fileRef = 3232C34C2437B31300DEB8DC /* FooContainer.saber.swift */; };
		3232C34F2437B33100DEB8DC /* Foo.swift in Sources */ = {isa = PBXBuildFile; fileRef = 3232C34E2437B33100DEB8DC /* Foo.swift */; };
		3232C3512437B3A500DEB8DC /* BooContaining.swift in Sources */ = {isa = PBXBuildFile; fileRef = 3232C3502437B3A500DEB8DC /* BooContaining.swift */; };
		3232C3532437B42700DEB8DC /* BooContainer.saber.swift in Sources */ = {isa = PBXBuildFile; fileRef = 3232C3522437B42700DEB8DC /* BooContainer.saber.swift */; };
		3232C3552437B43900DEB8DC /* Boo.swift in Sources */ = {isa = PBXBuildFile; fileRef = 3232C3542437B43900DEB8DC /* Boo.swift */; };
		3232C35A2437CD0B00DEB8DC /* UserContaining.swift in Sources */ = {isa = PBXBuildFile; fileRef = 3232C3592437CD0B00DEB8DC /* UserContaining.swift */; };
		3232C35C2437CD4F00DEB8DC /* UserContainer.saber.swift in Sources */ = {isa = PBXBuildFile; fileRef = 3232C35B2437CD4E00DEB8DC /* UserContainer.saber.swift */; };
		3232C35E2437CD5E00DEB8DC /* User.swift in Sources */ = {isa = PBXBuildFile; fileRef = 3232C35D2437CD5E00DEB8DC /* User.swift */; };
		3232C3602437CDA800DEB8DC /* AppsContaining.swift in Sources */ = {isa = PBXBuildFile; fileRef = 3232C35F2437CDA800DEB8DC /* AppsContaining.swift */; };
		3232C3622437CDE100DEB8DC /* AppsContainer.saber.swift in Sources */ = {isa = PBXBuildFile; fileRef = 3232C3612437CDE100DEB8DC /* AppsContainer.saber.swift */; };
		3232C3642437CE0500DEB8DC /* Database.swift in Sources */ = {isa = PBXBuildFile; fileRef = 3232C3632437CE0500DEB8DC /* Database.swift */; };
		3232C3662437CEC700DEB8DC /* UserManager.swift in Sources */ = {isa = PBXBuildFile; fileRef = 3232C3652437CEC700DEB8DC /* UserManager.swift */; };
		3232C3682437CFA600DEB8DC /* TestContainerInheritance.swift in Sources */ = {isa = PBXBuildFile; fileRef = 3232C3672437CFA600DEB8DC /* TestContainerInheritance.swift */; };
/* End PBXBuildFile section */

/* Begin PBXFileReference section */
		3231482623D9F82500B71DCD /* saberIosApp.app */ = {isa = PBXFileReference; explicitFileType = wrapper.application; includeInIndex = 0; path = saberIosApp.app; sourceTree = BUILT_PRODUCTS_DIR; };
		3231482923D9F82500B71DCD /* AppDelegate.swift */ = {isa = PBXFileReference; lastKnownFileType = sourcecode.swift; path = AppDelegate.swift; sourceTree = "<group>"; };
		3231482B23D9F82500B71DCD /* SceneDelegate.swift */ = {isa = PBXFileReference; lastKnownFileType = sourcecode.swift; path = SceneDelegate.swift; sourceTree = "<group>"; };
		3231482D23D9F82500B71DCD /* ViewController.swift */ = {isa = PBXFileReference; lastKnownFileType = sourcecode.swift; path = ViewController.swift; sourceTree = "<group>"; };
		3231483023D9F82500B71DCD /* Base */ = {isa = PBXFileReference; lastKnownFileType = file.storyboard; name = Base; path = Base.lproj/Main.storyboard; sourceTree = "<group>"; };
		3231483223D9F82600B71DCD /* Assets.xcassets */ = {isa = PBXFileReference; lastKnownFileType = folder.assetcatalog; path = Assets.xcassets; sourceTree = "<group>"; };
		3231483523D9F82600B71DCD /* Base */ = {isa = PBXFileReference; lastKnownFileType = file.storyboard; name = Base; path = Base.lproj/LaunchScreen.storyboard; sourceTree = "<group>"; };
		3231483723D9F82600B71DCD /* Info.plist */ = {isa = PBXFileReference; lastKnownFileType = text.plist.xml; path = Info.plist; sourceTree = "<group>"; };
		3231484223D9F9B900B71DCD /* AppContaining.swift */ = {isa = PBXFileReference; lastKnownFileType = sourcecode.swift; path = AppContaining.swift; sourceTree = "<group>"; };
		3231484423D9FA4400B71DCD /* AppContainer.saber.swift */ = {isa = PBXFileReference; lastKnownFileType = sourcecode.swift; path = AppContainer.saber.swift; sourceTree = "<group>"; };
		3231484923DA037900B71DCD /* ConsoleLogger.swift */ = {isa = PBXFileReference; lastKnownFileType = sourcecode.swift; path = ConsoleLogger.swift; sourceTree = "<group>"; };
		3231484B23DA058700B71DCD /* TestDependencyInjection.swift */ = {isa = PBXFileReference; lastKnownFileType = sourcecode.swift; path = TestDependencyInjection.swift; sourceTree = "<group>"; };
		3231484E23DA091200B71DCD /* NetworkManager.swift */ = {isa = PBXFileReference; lastKnownFileType = sourcecode.swift; path = NetworkManager.swift; sourceTree = "<group>"; };
		3231485023DA09A900B71DCD /* TestViewController.swift */ = {isa = PBXFileReference; lastKnownFileType = sourcecode.swift; path = TestViewController.swift; sourceTree = "<group>"; };
		3231485123DA09A900B71DCD /* TestViewController.xib */ = {isa = PBXFileReference; lastKnownFileType = file.xib; path = TestViewController.xib; sourceTree = "<group>"; };
		3232C3432437A31600DEB8DC /* TestBrief.swift */ = {isa = PBXFileReference; lastKnownFileType = sourcecode.swift; path = TestBrief.swift; sourceTree = "<group>"; };
		3232C34A2437B2BE00DEB8DC /* FooContaining.swift */ = {isa = PBXFileReference; lastKnownFileType = sourcecode.swift; path = FooContaining.swift; sourceTree = "<group>"; };
		3232C34C2437B31300DEB8DC /* FooContainer.saber.swift */ = {isa = PBXFileReference; fileEncoding = 4; lastKnownFileType = sourcecode.swift; path = FooContainer.saber.swift; sourceTree = "<group>"; };
		3232C34E2437B33100DEB8DC /* Foo.swift */ = {isa = PBXFileReference; lastKnownFileType = sourcecode.swift; path = Foo.swift; sourceTree = "<group>"; };
		3232C3502437B3A500DEB8DC /* BooContaining.swift */ = {isa = PBXFileReference; lastKnownFileType = sourcecode.swift; path = BooContaining.swift; sourceTree = "<group>"; };
		3232C3522437B42700DEB8DC /* BooContainer.saber.swift */ = {isa = PBXFileReference; fileEncoding = 4; lastKnownFileType = sourcecode.swift; path = BooContainer.saber.swift; sourceTree = "<group>"; };
		3232C3542437B43900DEB8DC /* Boo.swift */ = {isa = PBXFileReference; lastKnownFileType = sourcecode.swift; path = Boo.swift; sourceTree = "<group>"; };
		3232C3592437CD0B00DEB8DC /* UserContaining.swift */ = {isa = PBXFileReference; lastKnownFileType = sourcecode.swift; path = UserContaining.swift; sourceTree = "<group>"; };
		3232C35B2437CD4E00DEB8DC /* UserContainer.saber.swift */ = {isa = PBXFileReference; fileEncoding = 4; lastKnownFileType = sourcecode.swift; path = UserContainer.saber.swift; sourceTree = "<group>"; };
		3232C35D2437CD5E00DEB8DC /* User.swift */ = {isa = PBXFileReference; lastKnownFileType = sourcecode.swift; path = User.swift; sourceTree = "<group>"; };
		3232C35F2437CDA800DEB8DC /* AppsContaining.swift */ = {isa = PBXFileReference; lastKnownFileType = sourcecode.swift; path = AppsContaining.swift; sourceTree = "<group>"; };
		3232C3612437CDE100DEB8DC /* AppsContainer.saber.swift */ = {isa = PBXFileReference; fileEncoding = 4; lastKnownFileType = sourcecode.swift; path = AppsContainer.saber.swift; sourceTree = "<group>"; };
		3232C3632437CE0500DEB8DC /* Database.swift */ = {isa = PBXFileReference; lastKnownFileType = sourcecode.swift; path = Database.swift; sourceTree = "<group>"; };
		3232C3652437CEC700DEB8DC /* UserManager.swift */ = {isa = PBXFileReference; lastKnownFileType = sourcecode.swift; path = UserManager.swift; sourceTree = "<group>"; };
		3232C3672437CFA600DEB8DC /* TestContainerInheritance.swift */ = {isa = PBXFileReference; lastKnownFileType = sourcecode.swift; path = TestContainerInheritance.swift; sourceTree = "<group>"; };
/* End PBXFileReference section */

/* Begin PBXFrameworksBuildPhase section */
		3231482323D9F82500B71DCD /* Frameworks */ = {
			isa = PBXFrameworksBuildPhase;
			buildActionMask = 2147483647;
			files = (
			);
			runOnlyForDeploymentPostprocessing = 0;
		};
/* End PBXFrameworksBuildPhase section */

/* Begin PBXGroup section */
		3231481D23D9F82500B71DCD = {
			isa = PBXGroup;
			children = (
				3231482823D9F82500B71DCD /* saberIosApp */,
				3231482723D9F82500B71DCD /* Products */,
			);
			sourceTree = "<group>";
		};
		3231482723D9F82500B71DCD /* Products */ = {
			isa = PBXGroup;
			children = (
				3231482623D9F82500B71DCD /* saberIosApp.app */,
			);
			name = Products;
			sourceTree = "<group>";
		};
		3231482823D9F82500B71DCD /* saberIosApp */ = {
			isa = PBXGroup;
			children = (
				3232C3562437B60000DEB8DC /* ContainerInheritance */,
				3232C3472437B23A00DEB8DC /* Container */,
				3232C3422437A30500DEB8DC /* Test */,
				3231484D23DA08E900B71DCD /* saberUndetstand */,
				3231483E23D9F8DF00B71DCD /* Saber */,
				3231483F23D9F8EB00B71DCD /* Sources */,
				3231482923D9F82500B71DCD /* AppDelegate.swift */,
				3231482B23D9F82500B71DCD /* SceneDelegate.swift */,
				3231482D23D9F82500B71DCD /* ViewController.swift */,
				3231482F23D9F82500B71DCD /* Main.storyboard */,
				3231483223D9F82600B71DCD /* Assets.xcassets */,
				3231483423D9F82600B71DCD /* LaunchScreen.storyboard */,
				3231483723D9F82600B71DCD /* Info.plist */,
				3231484B23DA058700B71DCD /* TestDependencyInjection.swift */,
			);
			path = saberIosApp;
			sourceTree = "<group>";
		};
		3231483E23D9F8DF00B71DCD /* Saber */ = {
			isa = PBXGroup;
			children = (
				3232C3612437CDE100DEB8DC /* AppsContainer.saber.swift */,
				3232C35B2437CD4E00DEB8DC /* UserContainer.saber.swift */,
				3232C3522437B42700DEB8DC /* BooContainer.saber.swift */,
				3232C34C2437B31300DEB8DC /* FooContainer.saber.swift */,
				3231484423D9FA4400B71DCD /* AppContainer.saber.swift */,
			);
			path = Saber;
			sourceTree = "<group>";
		};
		3231483F23D9F8EB00B71DCD /* Sources */ = {
			isa = PBXGroup;
			children = (
				3231484223D9F9B900B71DCD /* AppContaining.swift */,
				3231484923DA037900B71DCD /* ConsoleLogger.swift */,
			);
			path = Sources;
			sourceTree = "<group>";
		};
		3231484D23DA08E900B71DCD /* saberUndetstand */ = {
			isa = PBXGroup;
			children = (
				3231484E23DA091200B71DCD /* NetworkManager.swift */,
				3231485023DA09A900B71DCD /* TestViewController.swift */,
				3231485123DA09A900B71DCD /* TestViewController.xib */,
			);
			path = saberUndetstand;
			sourceTree = "<group>";
		};
		3232C3422437A30500DEB8DC /* Test */ = {
			isa = PBXGroup;
			children = (
				3232C3432437A31600DEB8DC /* TestBrief.swift */,
			);
			path = Test;
			sourceTree = "<group>";
		};
		3232C3472437B23A00DEB8DC /* Container */ = {
			isa = PBXGroup;
			children = (
				3232C3492437B2A500DEB8DC /* Boo */,
				3232C3482437B29D00DEB8DC /* Foo */,
			);
			path = Container;
			sourceTree = "<group>";
		};
		3232C3482437B29D00DEB8DC /* Foo */ = {
			isa = PBXGroup;
			children = (
				3232C34A2437B2BE00DEB8DC /* FooContaining.swift */,
				3232C34E2437B33100DEB8DC /* Foo.swift */,
			);
			path = Foo;
			sourceTree = "<group>";
		};
		3232C3492437B2A500DEB8DC /* Boo */ = {
			isa = PBXGroup;
			children = (
				3232C3502437B3A500DEB8DC /* BooContaining.swift */,
				3232C3542437B43900DEB8DC /* Boo.swift */,
			);
			path = Boo;
			sourceTree = "<group>";
		};
		3232C3562437B60000DEB8DC /* ContainerInheritance */ = {
			isa = PBXGroup;
			children = (
				3232C3582437CCF400DEB8DC /* apps */,
				3232C3572437CCEC00DEB8DC /* user */,
				3232C3672437CFA600DEB8DC /* TestContainerInheritance.swift */,
			);
			path = ContainerInheritance;
			sourceTree = "<group>";
		};
		3232C3572437CCEC00DEB8DC /* user */ = {
			isa = PBXGroup;
			children = (
				3232C3592437CD0B00DEB8DC /* UserContaining.swift */,
				3232C35D2437CD5E00DEB8DC /* User.swift */,
				3232C3652437CEC700DEB8DC /* UserManager.swift */,
			);
			path = user;
			sourceTree = "<group>";
		};
		3232C3582437CCF400DEB8DC /* apps */ = {
			isa = PBXGroup;
			children = (
				3232C35F2437CDA800DEB8DC /* AppsContaining.swift */,
				3232C3632437CE0500DEB8DC /* Database.swift */,
			);
			path = apps;
			sourceTree = "<group>";
		};
/* End PBXGroup section */

/* Begin PBXNativeTarget section */
		3231482523D9F82500B71DCD /* saberIosApp */ = {
			isa = PBXNativeTarget;
			buildConfigurationList = 3231483A23D9F82600B71DCD /* Build configuration list for PBXNativeTarget "saberIosApp" */;
			buildPhases = (
				3231484623D9FAF400B71DCD /* Saber */,
				3231482223D9F82500B71DCD /* Sources */,
				3231482323D9F82500B71DCD /* Frameworks */,
				3231482423D9F82500B71DCD /* Resources */,
			);
			buildRules = (
			);
			dependencies = (
			);
			name = saberIosApp;
			productName = saberIosApp;
			productReference = 3231482623D9F82500B71DCD /* saberIosApp.app */;
			productType = "com.apple.product-type.application";
		};
/* End PBXNativeTarget section */

/* Begin PBXProject section */
		3231481E23D9F82500B71DCD /* Project object */ = {
			isa = PBXProject;
			attributes = {
				LastSwiftUpdateCheck = 1130;
				LastUpgradeCheck = 1130;
				ORGANIZATIONNAME = sunil.kumar1;
				TargetAttributes = {
					3231482523D9F82500B71DCD = {
						CreatedOnToolsVersion = 11.3;
					};
				};
			};
			buildConfigurationList = 3231482123D9F82500B71DCD /* Build configuration list for PBXProject "saberIosApp" */;
			compatibilityVersion = "Xcode 9.3";
			developmentRegion = en;
			hasScannedForEncodings = 0;
			knownRegions = (
				en,
				Base,
			);
			mainGroup = 3231481D23D9F82500B71DCD;
			productRefGroup = 3231482723D9F82500B71DCD /* Products */;
			projectDirPath = "";
			projectRoot = "";
			targets = (
				3231482523D9F82500B71DCD /* saberIosApp */,
			);
		};
/* End PBXProject section */

/* Begin PBXResourcesBuildPhase section */
		3231482423D9F82500B71DCD /* Resources */ = {
			isa = PBXResourcesBuildPhase;
			buildActionMask = 2147483647;
			files = (
				3231483623D9F82600B71DCD /* LaunchScreen.storyboard in Resources */,
				3231483323D9F82600B71DCD /* Assets.xcassets in Resources */,
				3231485323DA09A900B71DCD /* TestViewController.xib in Resources */,
				3231483123D9F82500B71DCD /* Main.storyboard in Resources */,
			);
			runOnlyForDeploymentPostprocessing = 0;
		};
/* End PBXResourcesBuildPhase section */

/* Begin PBXShellScriptBuildPhase section */
		3231484623D9FAF400B71DCD /* Saber */ = {
			isa = PBXShellScriptBuildPhase;
			buildActionMask = 2147483647;
			files = (
			);
			inputFileListPaths = (
			);
			inputPaths = (
			);
			name = Saber;
			outputFileListPaths = (
			);
			outputPaths = (
			);
			runOnlyForDeploymentPostprocessing = 0;
			shellPath = /bin/sh;
			shellScript = "saber sources --workDir ${PROJECT_DIR}/saberIosApp --from . --out Saber\n";
		};
/* End PBXShellScriptBuildPhase section */

/* Begin PBXSourcesBuildPhase section */
		3231482223D9F82500B71DCD /* Sources */ = {
			isa = PBXSourcesBuildPhase;
			buildActionMask = 2147483647;
			files = (
				3231484C23DA058700B71DCD /* TestDependencyInjection.swift in Sources */,
				3232C35A2437CD0B00DEB8DC /* UserContaining.swift in Sources */,
				3232C34D2437B31300DEB8DC /* FooContainer.saber.swift in Sources */,
				3232C34F2437B33100DEB8DC /* Foo.swift in Sources */,
				3232C3512437B3A500DEB8DC /* BooContaining.swift in Sources */,
				3232C3552437B43900DEB8DC /* Boo.swift in Sources */,
				3231482E23D9F82500B71DCD /* ViewController.swift in Sources */,
				3232C3662437CEC700DEB8DC /* UserManager.swift in Sources */,
				3231482A23D9F82500B71DCD /* AppDelegate.swift in Sources */,
				3232C3532437B42700DEB8DC /* BooContainer.saber.swift in Sources */,
				3232C3602437CDA800DEB8DC /* AppsContaining.swift in Sources */,
				3232C3442437A31600DEB8DC /* TestBrief.swift in Sources */,
				3232C34B2437B2BE00DEB8DC /* FooContaining.swift in Sources */,
				3232C3642437CE0500DEB8DC /* Database.swift in Sources */,
				3232C3682437CFA600DEB8DC /* TestContainerInheritance.swift in Sources */,
				3231484323D9F9B900B71DCD /* AppContaining.swift in Sources */,
				3231484F23DA091200B71DCD /* NetworkManager.swift in Sources */,
				3231484A23DA037900B71DCD /* ConsoleLogger.swift in Sources */,
				3231484523D9FA4400B71DCD /* AppContainer.saber.swift in Sources */,
				3231485223DA09A900B71DCD /* TestViewController.swift in Sources */,
				3231482C23D9F82500B71DCD /* SceneDelegate.swift in Sources */,
				3232C3622437CDE100DEB8DC /* AppsContainer.saber.swift in Sources */,
				3232C35C2437CD4F00DEB8DC /* UserContainer.saber.swift in Sources */,
				3232C35E2437CD5E00DEB8DC /* User.swift in Sources */,
			);
			runOnlyForDeploymentPostprocessing = 0;
		};
/* End PBXSourcesBuildPhase section */

/* Begin PBXVariantGroup section */
		3231482F23D9F82500B71DCD /* Main.storyboard */ = {
			isa = PBXVariantGroup;
			children = (
				3231483023D9F82500B71DCD /* Base */,
			);
			name = Main.storyboard;
			sourceTree = "<group>";
		};
		3231483423D9F82600B71DCD /* LaunchScreen.storyboard */ = {
			isa = PBXVariantGroup;
			children = (
				3231483523D9F82600B71DCD /* Base */,
			);
			name = LaunchScreen.storyboard;
			sourceTree = "<group>";
		};
/* End PBXVariantGroup section */

/* Begin XCBuildConfiguration section */
		3231483823D9F82600B71DCD /* Debug */ = {
			isa = XCBuildConfiguration;
			buildSettings = {
				ALWAYS_SEARCH_USER_PATHS = NO;
				CLANG_ANALYZER_NONNULL = YES;
				CLANG_ANALYZER_NUMBER_OBJECT_CONVERSION = YES_AGGRESSIVE;
				CLANG_CXX_LANGUAGE_STANDARD = "gnu++14";
				CLANG_CXX_LIBRARY = "libc++";
				CLANG_ENABLE_MODULES = YES;
				CLANG_ENABLE_OBJC_ARC = YES;
				CLANG_ENABLE_OBJC_WEAK = YES;
				CLANG_WARN_BLOCK_CAPTURE_AUTORELEASING = YES;
				CLANG_WARN_BOOL_CONVERSION = YES;
				CLANG_WARN_COMMA = YES;
				CLANG_WARN_CONSTANT_CONVERSION = YES;
				CLANG_WARN_DEPRECATED_OBJC_IMPLEMENTATIONS = YES;
				CLANG_WARN_DIRECT_OBJC_ISA_USAGE = YES_ERROR;
				CLANG_WARN_DOCUMENTATION_COMMENTS = YES;
				CLANG_WARN_EMPTY_BODY = YES;
				CLANG_WARN_ENUM_CONVERSION = YES;
				CLANG_WARN_INFINITE_RECURSION = YES;
				CLANG_WARN_INT_CONVERSION = YES;
				CLANG_WARN_NON_LITERAL_NULL_CONVERSION = YES;
				CLANG_WARN_OBJC_IMPLICIT_RETAIN_SELF = YES;
				CLANG_WARN_OBJC_LITERAL_CONVERSION = YES;
				CLANG_WARN_OBJC_ROOT_CLASS = YES_ERROR;
				CLANG_WARN_RANGE_LOOP_ANALYSIS = YES;
				CLANG_WARN_STRICT_PROTOTYPES = YES;
				CLANG_WARN_SUSPICIOUS_MOVE = YES;
				CLANG_WARN_UNGUARDED_AVAILABILITY = YES_AGGRESSIVE;
				CLANG_WARN_UNREACHABLE_CODE = YES;
				CLANG_WARN__DUPLICATE_METHOD_MATCH = YES;
				COPY_PHASE_STRIP = NO;
				DEBUG_INFORMATION_FORMAT = dwarf;
				ENABLE_STRICT_OBJC_MSGSEND = YES;
				ENABLE_TESTABILITY = YES;
				GCC_C_LANGUAGE_STANDARD = gnu11;
				GCC_DYNAMIC_NO_PIC = NO;
				GCC_NO_COMMON_BLOCKS = YES;
				GCC_OPTIMIZATION_LEVEL = 0;
				GCC_PREPROCESSOR_DEFINITIONS = (
					"DEBUG=1",
					"$(inherited)",
				);
				GCC_WARN_64_TO_32_BIT_CONVERSION = YES;
				GCC_WARN_ABOUT_RETURN_TYPE = YES_ERROR;
				GCC_WARN_UNDECLARED_SELECTOR = YES;
				GCC_WARN_UNINITIALIZED_AUTOS = YES_AGGRESSIVE;
				GCC_WARN_UNUSED_FUNCTION = YES;
				GCC_WARN_UNUSED_VARIABLE = YES;
				IPHONEOS_DEPLOYMENT_TARGET = 13.2;
				MTL_ENABLE_DEBUG_INFO = INCLUDE_SOURCE;
				MTL_FAST_MATH = YES;
				ONLY_ACTIVE_ARCH = YES;
				SDKROOT = iphoneos;
				SWIFT_ACTIVE_COMPILATION_CONDITIONS = DEBUG;
				SWIFT_OPTIMIZATION_LEVEL = "-Onone";
			};
			name = Debug;
		};
		3231483923D9F82600B71DCD /* Release */ = {
			isa = XCBuildConfiguration;
			buildSettings = {
				ALWAYS_SEARCH_USER_PATHS = NO;
				CLANG_ANALYZER_NONNULL = YES;
				CLANG_ANALYZER_NUMBER_OBJECT_CONVERSION = YES_AGGRESSIVE;
				CLANG_CXX_LANGUAGE_STANDARD = "gnu++14";
				CLANG_CXX_LIBRARY = "libc++";
				CLANG_ENABLE_MODULES = YES;
				CLANG_ENABLE_OBJC_ARC = YES;
				CLANG_ENABLE_OBJC_WEAK = YES;
				CLANG_WARN_BLOCK_CAPTURE_AUTORELEASING = YES;
				CLANG_WARN_BOOL_CONVERSION = YES;
				CLANG_WARN_COMMA = YES;
				CLANG_WARN_CONSTANT_CONVERSION = YES;
				CLANG_WARN_DEPRECATED_OBJC_IMPLEMENTATIONS = YES;
				CLANG_WARN_DIRECT_OBJC_ISA_USAGE = YES_ERROR;
				CLANG_WARN_DOCUMENTATION_COMMENTS = YES;
				CLANG_WARN_EMPTY_BODY = YES;
				CLANG_WARN_ENUM_CONVERSION = YES;
				CLANG_WARN_INFINITE_RECURSION = YES;
				CLANG_WARN_INT_CONVERSION = YES;
				CLANG_WARN_NON_LITERAL_NULL_CONVERSION = YES;
				CLANG_WARN_OBJC_IMPLICIT_RETAIN_SELF = YES;
				CLANG_WARN_OBJC_LITERAL_CONVERSION = YES;
				CLANG_WARN_OBJC_ROOT_CLASS = YES_ERROR;
				CLANG_WARN_RANGE_LOOP_ANALYSIS = YES;
				CLANG_WARN_STRICT_PROTOTYPES = YES;
				CLANG_WARN_SUSPICIOUS_MOVE = YES;
				CLANG_WARN_UNGUARDED_AVAILABILITY = YES_AGGRESSIVE;
				CLANG_WARN_UNREACHABLE_CODE = YES;
				CLANG_WARN__DUPLICATE_METHOD_MATCH = YES;
				COPY_PHASE_STRIP = NO;
				DEBUG_INFORMATION_FORMAT = "dwarf-with-dsym";
				ENABLE_NS_ASSERTIONS = NO;
				ENABLE_STRICT_OBJC_MSGSEND = YES;
				GCC_C_LANGUAGE_STANDARD = gnu11;
				GCC_NO_COMMON_BLOCKS = YES;
				GCC_WARN_64_TO_32_BIT_CONVERSION = YES;
				GCC_WARN_ABOUT_RETURN_TYPE = YES_ERROR;
				GCC_WARN_UNDECLARED_SELECTOR = YES;
				GCC_WARN_UNINITIALIZED_AUTOS = YES_AGGRESSIVE;
				GCC_WARN_UNUSED_FUNCTION = YES;
				GCC_WARN_UNUSED_VARIABLE = YES;
				IPHONEOS_DEPLOYMENT_TARGET = 13.2;
				MTL_ENABLE_DEBUG_INFO = NO;
				MTL_FAST_MATH = YES;
				SDKROOT = iphoneos;
				SWIFT_COMPILATION_MODE = wholemodule;
				SWIFT_OPTIMIZATION_LEVEL = "-O";
				VALIDATE_PRODUCT = YES;
			};
			name = Release;
		};
		3231483B23D9F82600B71DCD /* Debug */ = {
			isa = XCBuildConfiguration;
			buildSettings = {
				ASSETCATALOG_COMPILER_APPICON_NAME = AppIcon;
				CODE_SIGN_STYLE = Automatic;
				INFOPLIST_FILE = saberIosApp/Info.plist;
				LD_RUNPATH_SEARCH_PATHS = (
					"$(inherited)",
					"@executable_path/Frameworks",
				);
				PRODUCT_BUNDLE_IDENTIFIER = in.til.popkarn.saberIosApp;
				PRODUCT_NAME = "$(TARGET_NAME)";
				SWIFT_VERSION = 5.0;
				TARGETED_DEVICE_FAMILY = "1,2";
			};
			name = Debug;
		};
		3231483C23D9F82600B71DCD /* Release */ = {
			isa = XCBuildConfiguration;
			buildSettings = {
				ASSETCATALOG_COMPILER_APPICON_NAME = AppIcon;
				CODE_SIGN_STYLE = Automatic;
				INFOPLIST_FILE = saberIosApp/Info.plist;
				LD_RUNPATH_SEARCH_PATHS = (
					"$(inherited)",
					"@executable_path/Frameworks",
				);
				PRODUCT_BUNDLE_IDENTIFIER = in.til.popkarn.saberIosApp;
				PRODUCT_NAME = "$(TARGET_NAME)";
				SWIFT_VERSION = 5.0;
				TARGETED_DEVICE_FAMILY = "1,2";
			};
			name = Release;
		};
/* End XCBuildConfiguration section */

/* Begin XCConfigurationList section */
		3231482123D9F82500B71DCD /* Build configuration list for PBXProject "saberIosApp" */ = {
			isa = XCConfigurationList;
			buildConfigurations = (
				3231483823D9F82600B71DCD /* Debug */,
				3231483923D9F82600B71DCD /* Release */,
			);
			defaultConfigurationIsVisible = 0;
			defaultConfigurationName = Release;
		};
		3231483A23D9F82600B71DCD /* Build configuration list for PBXNativeTarget "saberIosApp" */ = {
			isa = XCConfigurationList;
			buildConfigurations = (
				3231483B23D9F82600B71DCD /* Debug */,
				3231483C23D9F82600B71DCD /* Release */,
			);
			defaultConfigurationIsVisible = 0;
			defaultConfigurationName = Release;
		};
/* End XCConfigurationList section */
	};
	rootObject = 3231481E23D9F82500B71DCD /* Project object */;
}
